
Microsoft Visual Studio Solution File, Format Version 12.00
# Visual Studio Version 17
VisualStudioVersion = 17.0.31903.59
MinimumVisualStudioVersion = 10.0.40219.1
Project("{FAE04EC0-301F-11D3-BF4B-00C04F79EFBC}") = "DungeonSlime", "DungeonSlime\DungeonSlime.csproj", "{31B305CB-E713-45B3-96B5-22B1DD08BEB6}"
EndProject
Project("{FAE04EC0-301F-11D3-BF4B-00C04F79EFBC}") = "DungeonSlime.Library", "DungeonSlime.Library\DungeonSlime.Library.csproj", "{2B9F67D2-032A-EEDA-54B1-2128E217102D}"
EndProject
Project("{FAE04EC0-301F-11D3-BF4B-00C04F79EFBC}") = "DungeonSlime.Engine", "DungeonSlime.Engine\DungeonSlime.Engine.csproj", "{7B7687E0-0F9A-487C-848E-9037BB49CD25}"
EndProject
Global
	GlobalSection(SolutionConfigurationPlatforms) = preSolution
		Debug|Any CPU = Debug|Any CPU
		Debug|x64 = Debug|x64
		Debug|x86 = Debug|x86
		Release|Any CPU = Release|Any CPU
		Release|x64 = Release|x64
		Release|x86 = Release|x86
	EndGlobalSection
	GlobalSection(ProjectConfigurationPlatforms) = postSolution
		{31B305CB-E713-45B3-96B5-22B1DD08BEB6}.Debug|Any CPU.ActiveCfg = Debug|Any CPU
		{31B305CB-E713-45B3-96B5-22B1DD08BEB6}.Debug|Any CPU.Build.0 = Debug|Any CPU
		{31B305CB-E713-45B3-96B5-22B1DD08BEB6}.Debug|x64.ActiveCfg = Debug|Any CPU
		{31B305CB-E713-45B3-96B5-22B1DD08BEB6}.Debug|x64.Build.0 = Debug|Any CPU
		{31B305CB-E713-45B3-96B5-22B1DD08BEB6}.Debug|x86.ActiveCfg = Debug|Any CPU
		{31B305CB-E713-45B3-96B5-22B1DD08BEB6}.Debug|x86.Build.0 = Debug|Any CPU
		{31B305CB-E713-45B3-96B5-22B1DD08BEB6}.Release|Any CPU.ActiveCfg = Release|Any CPU
		{31B305CB-E713-45B3-96B5-22B1DD08BEB6}.Release|Any CPU.Build.0 = Release|Any CPU
		{31B305CB-E713-45B3-96B5-22B1DD08BEB6}.Release|x64.ActiveCfg = Release|Any CPU
		{31B305CB-E713-45B3-96B5-22B1DD08BEB6}.Release|x64.Build.0 = Release|Any CPU
		{31B305CB-E713-45B3-96B5-22B1DD08BEB6}.Release|x86.ActiveCfg = Release|Any CPU
		{31B305CB-E713-45B3-96B5-22B1DD08BEB6}.Release|x86.Build.0 = Release|Any CPU
		{2B9F67D2-032A-EEDA-54B1-2128E217102D}.Debug|Any CPU.ActiveCfg = Debug|Any CPU
		{2B9F67D2-032A-EEDA-54B1-2128E217102D}.Debug|Any CPU.Build.0 = Debug|Any CPU
		{2B9F67D2-032A-EEDA-54B1-2128E217102D}.Debug|x64.ActiveCfg = Debug|Any CPU
		{2B9F67D2-032A-EEDA-54B1-2128E217102D}.Debug|x64.Build.0 = Debug|Any CPU
		{2B9F67D2-032A-EEDA-54B1-2128E217102D}.Debug|x86.ActiveCfg = Debug|Any CPU
		{2B9F67D2-032A-EEDA-54B1-2128E217102D}.Debug|x86.Build.0 = Debug|Any CPU
		{2B9F67D2-032A-EEDA-54B1-2128E217102D}.Release|Any CPU.ActiveCfg = Release|Any CPU
		{2B9F67D2-032A-EEDA-54B1-2128E217102D}.Release|Any CPU.Build.0 = Release|Any CPU
		{2B9F67D2-032A-EEDA-54B1-2128E217102D}.Release|x64.ActiveCfg = Release|Any CPU
		{2B9F67D2-032A-EEDA-54B1-2128E217102D}.Release|x64.Build.0 = Release|Any CPU
		{2B9F67D2-032A-EEDA-54B1-2128E217102D}.Release|x86.ActiveCfg = Release|Any CPU
		{2B9F67D2-032A-EEDA-54B1-2128E217102D}.Release|x86.Build.0 = Release|Any CPU
		{7B7687E0-0F9A-487C-848E-9037BB49CD25}.Debug|Any CPU.ActiveCfg = Debug|Any CPU
		{7B7687E0-0F9A-487C-848E-9037BB49CD25}.Debug|Any CPU.Build.0 = Debug|Any CPU
		{7B7687E0-0F9A-487C-848E-9037BB49CD25}.Debug|x64.ActiveCfg = Debug|Any CPU
		{7B7687E0-0F9A-487C-848E-9037BB49CD25}.Debug|x64.Build.0 = Debug|Any CPU
		{7B7687E0-0F9A-487C-848E-9037BB49CD25}.Debug|x86.ActiveCfg = Debug|Any CPU
		{7B7687E0-0F9A-487C-848E-9037BB49CD25}.Debug|x86.Build.0 = Debug|Any CPU
		{7B7687E0-0F9A-487C-848E-9037BB49CD25}.Release|Any CPU.ActiveCfg = Release|Any CPU
		{7B7687E0-0F9A-487C-848E-9037BB49CD25}.Release|Any CPU.Build.0 = Release|Any CPU
		{7B7687E0-0F9A-487C-848E-9037BB49CD25}.Release|x64.ActiveCfg = Release|Any CPU
		{7B7687E0-0F9A-487C-848E-9037BB49CD25}.Release|x64.Build.0 = Release|Any CPU
		{7B7687E0-0F9A-487C-848E-9037BB49CD25}.Release|x86.ActiveCfg = Release|Any CPU
		{7B7687E0-0F9A-487C-848E-9037BB49CD25}.Release|x86.Build.0 = Release|Any CPU
	EndGlobalSection
	GlobalSection(SolutionProperties) = preSolution
		HideSolutionNode = FALSE
	EndGlobalSection
	GlobalSection(ExtensibilityGlobals) = postSolution
		SolutionGuid = {BED5EB30-3C8A-4D46-9C3D-8A6094FAADA9}
	EndGlobalSection
EndGlobal
